<Solution>
  <Folder Name="/src/">
    <Project Path="src/RunicFlow/RunicFlow.csproj" />
    <Project Path="src/RunicFlow.Generators/RunicFlow.Generators.csproj" />
    <Project Path="src/RunicFlow.CommunityToolkit/RunicFlow.CommunityToolkit.csproj" />
  </Folder>
  <Folder Name="/tests/">
    <Project Path="tests/RunicFlow.AotSmoke/RunicFlow.AotSmoke.csproj" />
    <Project Path="tests/RunicFlow.CommunityToolkit.Tests/RunicFlow.CommunityToolkit.Tests.csproj" />
    <Project Path="tests/RunicFlow.Tests/RunicFlow.Tests.csproj" />
  </Folder>
</Solution>
