{
  "version": 1,
  "dependencies": {
    "net10.0": {
      "WebUIToolkit.MVVM.Flow.CommunityToolkit": {
        "type": "Direct",
        "requested": "[0.0.0-local, )",
        "resolved": "0.0.0-local",
        "contentHash": "wIMFpYDBhxP0JJqOdNIkZx40W002CL97SbWZfYgsZ49e7M7YyPqaUJe37BqLQc94Av8ya/KtXmUZsKd6v2tf0Q==",
        "dependencies": {
          "CommunityToolkit.Mvvm": "[8.4.2]",
          "WebUIToolkit.MVVM.Flow": "0.0.0-local"
        }
      },
      "CommunityToolkit.Mvvm": {
        "type": "Transitive",
        "resolved": "8.4.2",
        "contentHash": "WadCzGEc2U+3e20avRLng4qNtt4zoOGWrdUISqJWrHe3/FSnrYjuM5Sb4yQb09LhkBXrrI4Zt3dLKgRMbItsrg=="
      },
      "WebUIToolkit.MVVM.Flow": {
        "type": "Transitive",
        "resolved": "0.0.0-local",
        "contentHash": "4/6aW0NVA3mwO/9At7P3+3mrUAETqFj2QDn+EXSrxKZ7xAtrVcKfWiOGnkLr47txtfKw71WJ8CX4J4Twxo2r+g=="
      }
    }
  }
}