{
  "version": 1,
  "dependencies": {
    "net10.0": {
      "WebUIToolkit.MVVM.Flow.CommunityToolkit": {
        "type": "Direct",
        "requested": "[0.0.0-local, )",
        "resolved": "0.0.0-local",
        "contentHash": "XChYJymHrkQKA/wjrexbNGPEb34GvfjWMnQsuuLWSgsqAMvNRUfEoSc6XEvQBV/mJJle270QXE3qWe+0ocQX/g==",
        "dependencies": {
          "CommunityToolkit.Mvvm": "[8.4.2]",
          "WebUIToolkit.MVVM.Flow": "0.0.0-local"
        }
      },
      "CommunityToolkit.Mvvm": {
        "type": "Transitive",
        "resolved": "8.4.2",
        "contentHash": "WadCzGEc2U+3e20avRLng4qNtt4zoOGWrdUISqJWrHe3/FSnrYjuM5Sb4yQb09LhkBXrrI4Zt3dLKgRMbItsrg=="
      },
      "WebUIToolkit.MVVM.Flow": {
        "type": "Transitive",
        "resolved": "0.0.0-local",
        "contentHash": "RqSvfaW/ngAaCSdt985BmamPO1LCqMHe9bb+iKRCd61iCBaQI7PBBCfnxzNhaTfQstfqGGDBzJqc5pHO8AQU2A=="
      }
    }
  }
}