{
  "version": 1,
  "dependencies": {
    "net10.0": {
      "WebUIToolkit.MVVM.Flow.CommunityToolkit": {
        "type": "Direct",
        "requested": "[0.0.0-local, )",
        "resolved": "0.0.0-local",
        "contentHash": "3pWl4sM3PiPsm+R6X2fAiSaWj4d6VeUiSrkbLUwRQj/PFZMP01ZtGEp+zAwTaSjub5TLaVkW3NgWxE9PMAat0g==",
        "dependencies": {
          "CommunityToolkit.Mvvm": "[8.4.2]",
          "WebUIToolkit.MVVM.Flow": "0.0.0-local"
        }
      },
      "CommunityToolkit.Mvvm": {
        "type": "Transitive",
        "resolved": "8.4.2",
        "contentHash": "WadCzGEc2U+3e20avRLng4qNtt4zoOGWrdUISqJWrHe3/FSnrYjuM5Sb4yQb09LhkBXrrI4Zt3dLKgRMbItsrg=="
      },
      "WebUIToolkit.MVVM.Flow": {
        "type": "Transitive",
        "resolved": "0.0.0-local",
        "contentHash": "EC3vV7+O+6ml7YSvgegg1uxpUPlk26VLGpKvu0ZU9om+rxn/PvTOaZvszpy9a5HLWr/Azxtasv7CC3sYZKrIvg=="
      }
    }
  }
}